
Microsoft Visual Studio Solution File, Format Version 12.00
# Visual Studio Version 17
VisualStudioVersion = 17.1.32210.238
MinimumVisualStudioVersion = 10.0.40219.1
Project("{9A19103F-16F7-4668-BE54-9A1E7A4F7556}") = "Clase_15", "Clase_15\Clase_15.csproj", "{7F06CB64-46FB-481A-B37D-B3FCB2F14732}"
EndProject
Project("{9A19103F-16F7-4668-BE54-9A1E7A4F7556}") = "Biblioteca", "Biblioteca\Biblioteca.csproj", "{83A5BACC-CD39-4B63-84F2-8B8ACCEF2E87}"
EndProject
Project("{2150E333-8FDC-42A3-9474-1A3956D46DE8}") = "Ejercicios", "Ejercicios", "{4A13A395-6827-4DEE-A477-0E56FEC367EF}"
EndProject
Project("{9A19103F-16F7-4668-BE54-9A1E7A4F7556}") = "Ejercicio_I04", "Ejercicio_I04\Ejercicio_I04.csproj", "{FBC50F9E-8D80-434A-BA6E-BB98F00763AC}"
EndProject
Project("{FAE04EC0-301F-11D3-BF4B-00C04F79EFBC}") = "Ejercicio_I01", "Ejercicio_I01\Ejercicio_I01.csproj", "{77FAB0A2-76F6-4AAD-B43E-CD07624F4CF6}"
EndProject
Global
	GlobalSection(SolutionConfigurationPlatforms) = preSolution
		Debug|Any CPU = Debug|Any CPU
		Release|Any CPU = Release|Any CPU
	EndGlobalSection
	GlobalSection(ProjectConfigurationPlatforms) = postSolution
		{7F06CB64-46FB-481A-B37D-B3FCB2F14732}.Debug|Any CPU.ActiveCfg = Debug|Any CPU
		{7F06CB64-46FB-481A-B37D-B3FCB2F14732}.Debug|Any CPU.Build.0 = Debug|Any CPU
		{7F06CB64-46FB-481A-B37D-B3FCB2F14732}.Release|Any CPU.ActiveCfg = Release|Any CPU
		{7F06CB64-46FB-481A-B37D-B3FCB2F14732}.Release|Any CPU.Build.0 = Release|Any CPU
		{83A5BACC-CD39-4B63-84F2-8B8ACCEF2E87}.Debug|Any CPU.ActiveCfg = Debug|Any CPU
		{83A5BACC-CD39-4B63-84F2-8B8ACCEF2E87}.Debug|Any CPU.Build.0 = Debug|Any CPU
		{83A5BACC-CD39-4B63-84F2-8B8ACCEF2E87}.Release|Any CPU.ActiveCfg = Release|Any CPU
		{83A5BACC-CD39-4B63-84F2-8B8ACCEF2E87}.Release|Any CPU.Build.0 = Release|Any CPU
		{FBC50F9E-8D80-434A-BA6E-BB98F00763AC}.Debug|Any CPU.ActiveCfg = Debug|Any CPU
		{FBC50F9E-8D80-434A-BA6E-BB98F00763AC}.Debug|Any CPU.Build.0 = Debug|Any CPU
		{FBC50F9E-8D80-434A-BA6E-BB98F00763AC}.Release|Any CPU.ActiveCfg = Release|Any CPU
		{FBC50F9E-8D80-434A-BA6E-BB98F00763AC}.Release|Any CPU.Build.0 = Release|Any CPU
		{77FAB0A2-76F6-4AAD-B43E-CD07624F4CF6}.Debug|Any CPU.ActiveCfg = Debug|Any CPU
		{77FAB0A2-76F6-4AAD-B43E-CD07624F4CF6}.Debug|Any CPU.Build.0 = Debug|Any CPU
		{77FAB0A2-76F6-4AAD-B43E-CD07624F4CF6}.Release|Any CPU.ActiveCfg = Release|Any CPU
		{77FAB0A2-76F6-4AAD-B43E-CD07624F4CF6}.Release|Any CPU.Build.0 = Release|Any CPU
	EndGlobalSection
	GlobalSection(SolutionProperties) = preSolution
		HideSolutionNode = FALSE
	EndGlobalSection
	GlobalSection(NestedProjects) = preSolution
		{FBC50F9E-8D80-434A-BA6E-BB98F00763AC} = {4A13A395-6827-4DEE-A477-0E56FEC367EF}
		{77FAB0A2-76F6-4AAD-B43E-CD07624F4CF6} = {4A13A395-6827-4DEE-A477-0E56FEC367EF}
	EndGlobalSection
	GlobalSection(ExtensibilityGlobals) = postSolution
		SolutionGuid = {57EA6D76-0CD6-4341-8DA9-50A104EF33D0}
	EndGlobalSection
EndGlobal
