
Microsoft Visual Studio Solution File, Format Version 12.00
# Visual Studio Version 17
VisualStudioVersion = 17.1.32210.238
MinimumVisualStudioVersion = 10.0.40219.1
Project("{FAE04EC0-301F-11D3-BF4B-00C04F79EFBC}") = "Clase_10", "Clase_10\Clase_10.csproj", "{DAA646F3-8148-4271-916F-1DF16F11CF78}"
EndProject
Global
	GlobalSection(SolutionConfigurationPlatforms) = preSolution
		Debug|Any CPU = Debug|Any CPU
		Release|Any CPU = Release|Any CPU
	EndGlobalSection
	GlobalSection(ProjectConfigurationPlatforms) = postSolution
		{DAA646F3-8148-4271-916F-1DF16F11CF78}.Debug|Any CPU.ActiveCfg = Debug|Any CPU
		{DAA646F3-8148-4271-916F-1DF16F11CF78}.Debug|Any CPU.Build.0 = Debug|Any CPU
		{DAA646F3-8148-4271-916F-1DF16F11CF78}.Release|Any CPU.ActiveCfg = Release|Any CPU
		{DAA646F3-8148-4271-916F-1DF16F11CF78}.Release|Any CPU.Build.0 = Release|Any CPU
	EndGlobalSection
	GlobalSection(SolutionProperties) = preSolution
		HideSolutionNode = FALSE
	EndGlobalSection
	GlobalSection(ExtensibilityGlobals) = postSolution
		SolutionGuid = {CB277BA7-D243-422A-997C-CB7D126C3BD0}
	EndGlobalSection
EndGlobal
