
Microsoft Visual Studio Solution File, Format Version 12.00
# Visual Studio Version 17
VisualStudioVersion = 17.1.32210.238
MinimumVisualStudioVersion = 10.0.40219.1
Project("{FAE04EC0-301F-11D3-BF4B-00C04F79EFBC}") = "Clase_04", "Clase_4\Clase_04.csproj", "{5E10070F-4BCB-4C25-B2CF-A0B33D992609}"
EndProject
Project("{2150E333-8FDC-42A3-9474-1A3956D46DE8}") = "Ejercicios", "Ejercicios", "{293076BF-E96C-495C-B7B2-657B7F2DCB03}"
EndProject
Project("{FAE04EC0-301F-11D3-BF4B-00C04F79EFBC}") = "Sumador", "Sumador\Sumador.csproj", "{D547D392-54E6-406F-AE25-DD46F8BFBE01}"
EndProject
Global
	GlobalSection(SolutionConfigurationPlatforms) = preSolution
		Debug|Any CPU = Debug|Any CPU
		Release|Any CPU = Release|Any CPU
	EndGlobalSection
	GlobalSection(ProjectConfigurationPlatforms) = postSolution
		{5E10070F-4BCB-4C25-B2CF-A0B33D992609}.Debug|Any CPU.ActiveCfg = Debug|Any CPU
		{5E10070F-4BCB-4C25-B2CF-A0B33D992609}.Debug|Any CPU.Build.0 = Debug|Any CPU
		{5E10070F-4BCB-4C25-B2CF-A0B33D992609}.Release|Any CPU.ActiveCfg = Release|Any CPU
		{5E10070F-4BCB-4C25-B2CF-A0B33D992609}.Release|Any CPU.Build.0 = Release|Any CPU
		{D547D392-54E6-406F-AE25-DD46F8BFBE01}.Debug|Any CPU.ActiveCfg = Debug|Any CPU
		{D547D392-54E6-406F-AE25-DD46F8BFBE01}.Debug|Any CPU.Build.0 = Debug|Any CPU
		{D547D392-54E6-406F-AE25-DD46F8BFBE01}.Release|Any CPU.ActiveCfg = Release|Any CPU
		{D547D392-54E6-406F-AE25-DD46F8BFBE01}.Release|Any CPU.Build.0 = Release|Any CPU
	EndGlobalSection
	GlobalSection(SolutionProperties) = preSolution
		HideSolutionNode = FALSE
	EndGlobalSection
	GlobalSection(NestedProjects) = preSolution
		{D547D392-54E6-406F-AE25-DD46F8BFBE01} = {293076BF-E96C-495C-B7B2-657B7F2DCB03}
	EndGlobalSection
	GlobalSection(ExtensibilityGlobals) = postSolution
		SolutionGuid = {74C3E464-0A61-42D1-B18F-925C34C3AD97}
	EndGlobalSection
EndGlobal
