
Microsoft Visual Studio Solution File, Format Version 12.00
# Visual Studio Version 17
VisualStudioVersion = 17.1.32210.238
MinimumVisualStudioVersion = 10.0.40219.1
Project("{FAE04EC0-301F-11D3-BF4B-00C04F79EFBC}") = "LibroDeTrabajo_03", "LibroDeTrabajo_03\LibroDeTrabajo_03.csproj", "{92C17EF2-D915-4C04-AE89-912954BDC266}"
EndProject
Global
	GlobalSection(SolutionConfigurationPlatforms) = preSolution
		Debug|Any CPU = Debug|Any CPU
		Release|Any CPU = Release|Any CPU
	EndGlobalSection
	GlobalSection(ProjectConfigurationPlatforms) = postSolution
		{92C17EF2-D915-4C04-AE89-912954BDC266}.Debug|Any CPU.ActiveCfg = Debug|Any CPU
		{92C17EF2-D915-4C04-AE89-912954BDC266}.Debug|Any CPU.Build.0 = Debug|Any CPU
		{92C17EF2-D915-4C04-AE89-912954BDC266}.Release|Any CPU.ActiveCfg = Release|Any CPU
		{92C17EF2-D915-4C04-AE89-912954BDC266}.Release|Any CPU.Build.0 = Release|Any CPU
	EndGlobalSection
	GlobalSection(SolutionProperties) = preSolution
		HideSolutionNode = FALSE
	EndGlobalSection
	GlobalSection(ExtensibilityGlobals) = postSolution
		SolutionGuid = {D0C3C147-1D4D-4A24-968F-3FA7E6D14B37}
	EndGlobalSection
EndGlobal
