
Microsoft Visual Studio Solution File, Format Version 12.00
# Visual Studio Version 17
VisualStudioVersion = 17.1.32210.238
MinimumVisualStudioVersion = 10.0.40219.1
Project("{9A19103F-16F7-4668-BE54-9A1E7A4F7556}") = "Biblioteca", "Biblioteca\Biblioteca.csproj", "{7BA9DF00-9FF2-4B59-B180-953F8B1E3102}"
EndProject
Project("{2150E333-8FDC-42A3-9474-1A3956D46DE8}") = "Ejercicios", "Ejercicios", "{3D04228F-79BA-4025-9845-3C1EBE43DA5D}"
EndProject
Project("{2150E333-8FDC-42A3-9474-1A3956D46DE8}") = "Control de Aduana", "Control de Aduana", "{195CEAE8-5A5A-46CA-A9FB-82B6DF3964BF}"
EndProject
Project("{9A19103F-16F7-4668-BE54-9A1E7A4F7556}") = "Biblioteca_Aduana", "Biblioteca_Aduana\Biblioteca_Aduana.csproj", "{53BD72FA-5C30-4CD6-A036-743311FA0410}"
EndProject
Project("{9A19103F-16F7-4668-BE54-9A1E7A4F7556}") = "Pruebas_Aduana", "Pruebas_Aduana\Pruebas_Aduana.csproj", "{18DE099B-E759-4008-8E3D-93E43D1D4585}"
EndProject
Project("{9A19103F-16F7-4668-BE54-9A1E7A4F7556}") = "EjercicioI01_Biblioteca", "EjercicioI01_Biblioteca\EjercicioI01_Biblioteca.csproj", "{4267C6D0-CE01-48E4-BE68-7EC8038BBEA9}"
EndProject
Project("{9A19103F-16F7-4668-BE54-9A1E7A4F7556}") = "EjercicioI01_Consola", "EjercicioI01_Consola\EjercicioI01_Consola.csproj", "{DCA8F73A-02E6-4CB7-9A0B-4BE1ACD87578}"
EndProject
Project("{2150E333-8FDC-42A3-9474-1A3956D46DE8}") = "Cartuchera", "Cartuchera", "{5751E07B-6679-46E2-B608-E399662FA761}"
EndProject
Project("{FAE04EC0-301F-11D3-BF4B-00C04F79EFBC}") = "EjercicioI02_Test", "EjercicioI02_Test\EjercicioI02_Test.csproj", "{B733687D-97B8-49B1-B96D-F4DCC1B179F7}"
EndProject
Project("{FAE04EC0-301F-11D3-BF4B-00C04F79EFBC}") = "EjercicioI02_Biblioteca", "EjercicioI02_Biblioteca\EjercicioI02_Biblioteca.csproj", "{E90E7F96-1764-4FE6-85B6-0A07416700A9}"
EndProject
Global
	GlobalSection(SolutionConfigurationPlatforms) = preSolution
		Debug|Any CPU = Debug|Any CPU
		Release|Any CPU = Release|Any CPU
	EndGlobalSection
	GlobalSection(ProjectConfigurationPlatforms) = postSolution
		{7BA9DF00-9FF2-4B59-B180-953F8B1E3102}.Debug|Any CPU.ActiveCfg = Debug|Any CPU
		{7BA9DF00-9FF2-4B59-B180-953F8B1E3102}.Debug|Any CPU.Build.0 = Debug|Any CPU
		{7BA9DF00-9FF2-4B59-B180-953F8B1E3102}.Release|Any CPU.ActiveCfg = Release|Any CPU
		{7BA9DF00-9FF2-4B59-B180-953F8B1E3102}.Release|Any CPU.Build.0 = Release|Any CPU
		{53BD72FA-5C30-4CD6-A036-743311FA0410}.Debug|Any CPU.ActiveCfg = Debug|Any CPU
		{53BD72FA-5C30-4CD6-A036-743311FA0410}.Debug|Any CPU.Build.0 = Debug|Any CPU
		{53BD72FA-5C30-4CD6-A036-743311FA0410}.Release|Any CPU.ActiveCfg = Release|Any CPU
		{53BD72FA-5C30-4CD6-A036-743311FA0410}.Release|Any CPU.Build.0 = Release|Any CPU
		{18DE099B-E759-4008-8E3D-93E43D1D4585}.Debug|Any CPU.ActiveCfg = Debug|Any CPU
		{18DE099B-E759-4008-8E3D-93E43D1D4585}.Debug|Any CPU.Build.0 = Debug|Any CPU
		{18DE099B-E759-4008-8E3D-93E43D1D4585}.Release|Any CPU.ActiveCfg = Release|Any CPU
		{18DE099B-E759-4008-8E3D-93E43D1D4585}.Release|Any CPU.Build.0 = Release|Any CPU
		{4267C6D0-CE01-48E4-BE68-7EC8038BBEA9}.Debug|Any CPU.ActiveCfg = Debug|Any CPU
		{4267C6D0-CE01-48E4-BE68-7EC8038BBEA9}.Debug|Any CPU.Build.0 = Debug|Any CPU
		{4267C6D0-CE01-48E4-BE68-7EC8038BBEA9}.Release|Any CPU.ActiveCfg = Release|Any CPU
		{4267C6D0-CE01-48E4-BE68-7EC8038BBEA9}.Release|Any CPU.Build.0 = Release|Any CPU
		{DCA8F73A-02E6-4CB7-9A0B-4BE1ACD87578}.Debug|Any CPU.ActiveCfg = Debug|Any CPU
		{DCA8F73A-02E6-4CB7-9A0B-4BE1ACD87578}.Debug|Any CPU.Build.0 = Debug|Any CPU
		{DCA8F73A-02E6-4CB7-9A0B-4BE1ACD87578}.Release|Any CPU.ActiveCfg = Release|Any CPU
		{DCA8F73A-02E6-4CB7-9A0B-4BE1ACD87578}.Release|Any CPU.Build.0 = Release|Any CPU
		{B733687D-97B8-49B1-B96D-F4DCC1B179F7}.Debug|Any CPU.ActiveCfg = Debug|Any CPU
		{B733687D-97B8-49B1-B96D-F4DCC1B179F7}.Debug|Any CPU.Build.0 = Debug|Any CPU
		{B733687D-97B8-49B1-B96D-F4DCC1B179F7}.Release|Any CPU.ActiveCfg = Release|Any CPU
		{B733687D-97B8-49B1-B96D-F4DCC1B179F7}.Release|Any CPU.Build.0 = Release|Any CPU
		{E90E7F96-1764-4FE6-85B6-0A07416700A9}.Debug|Any CPU.ActiveCfg = Debug|Any CPU
		{E90E7F96-1764-4FE6-85B6-0A07416700A9}.Debug|Any CPU.Build.0 = Debug|Any CPU
		{E90E7F96-1764-4FE6-85B6-0A07416700A9}.Release|Any CPU.ActiveCfg = Release|Any CPU
		{E90E7F96-1764-4FE6-85B6-0A07416700A9}.Release|Any CPU.Build.0 = Release|Any CPU
	EndGlobalSection
	GlobalSection(SolutionProperties) = preSolution
		HideSolutionNode = FALSE
	EndGlobalSection
	GlobalSection(NestedProjects) = preSolution
		{195CEAE8-5A5A-46CA-A9FB-82B6DF3964BF} = {3D04228F-79BA-4025-9845-3C1EBE43DA5D}
		{53BD72FA-5C30-4CD6-A036-743311FA0410} = {195CEAE8-5A5A-46CA-A9FB-82B6DF3964BF}
		{18DE099B-E759-4008-8E3D-93E43D1D4585} = {195CEAE8-5A5A-46CA-A9FB-82B6DF3964BF}
		{4267C6D0-CE01-48E4-BE68-7EC8038BBEA9} = {5751E07B-6679-46E2-B608-E399662FA761}
		{DCA8F73A-02E6-4CB7-9A0B-4BE1ACD87578} = {5751E07B-6679-46E2-B608-E399662FA761}
		{5751E07B-6679-46E2-B608-E399662FA761} = {3D04228F-79BA-4025-9845-3C1EBE43DA5D}
	EndGlobalSection
	GlobalSection(ExtensibilityGlobals) = postSolution
		SolutionGuid = {3BB31256-A705-4C8B-A191-4EE00E92A749}
	EndGlobalSection
EndGlobal
