
Microsoft Visual Studio Solution File, Format Version 12.00
# Visual Studio Version 17
VisualStudioVersion = 17.1.32210.238
MinimumVisualStudioVersion = 10.0.40219.1
Project("{9A19103F-16F7-4668-BE54-9A1E7A4F7556}") = "Biblioteca", "Biblioteca\Biblioteca.csproj", "{2F8FF6B1-6032-4519-84C8-AA91BBAC25C0}"
EndProject
Project("{9A19103F-16F7-4668-BE54-9A1E7A4F7556}") = "Consola", "Consola\Consola.csproj", "{082F6F42-4313-444F-B0A5-E0F70AF15884}"
EndProject
Project("{2150E333-8FDC-42A3-9474-1A3956D46DE8}") = "Ejercicios", "Ejercicios", "{363DE33D-A46C-48A4-A97C-F7CA306067C9}"
EndProject
Project("{9A19103F-16F7-4668-BE54-9A1E7A4F7556}") = "Biblioteca_Torneo", "Biblioteca_Torneo\Biblioteca_Torneo.csproj", "{57A92918-53F2-436E-8B32-F1E47DA9384F}"
EndProject
Project("{9A19103F-16F7-4668-BE54-9A1E7A4F7556}") = "Consola_Torneo", "Consola_Torneo\Consola_Torneo.csproj", "{ACBA3D33-8A2C-45A1-A82F-8F303DF6C9B8}"
EndProject
Project("{2150E333-8FDC-42A3-9474-1A3956D46DE8}") = "Torneo", "Torneo", "{EB733FB9-5CAB-4392-8D2B-9D9946EA6DE2}"
EndProject
Project("{2150E333-8FDC-42A3-9474-1A3956D46DE8}") = "Contabilidad", "Contabilidad", "{7794A430-5A21-4321-8E75-862EFB943217}"
EndProject
Project("{9A19103F-16F7-4668-BE54-9A1E7A4F7556}") = "Biblioteca_Contabilidad", "Biblioteca_Contabilidad\Biblioteca_Contabilidad.csproj", "{08E19818-7267-4551-BCAD-5CE72E513571}"
EndProject
Project("{FAE04EC0-301F-11D3-BF4B-00C04F79EFBC}") = "EjercicioI01_Biblioteca", "EjercicioI01_Biblioteca\EjercicioI01_Biblioteca.csproj", "{E47ED202-7022-408C-AB3E-360791621418}"
EndProject
Global
	GlobalSection(SolutionConfigurationPlatforms) = preSolution
		Debug|Any CPU = Debug|Any CPU
		Release|Any CPU = Release|Any CPU
	EndGlobalSection
	GlobalSection(ProjectConfigurationPlatforms) = postSolution
		{2F8FF6B1-6032-4519-84C8-AA91BBAC25C0}.Debug|Any CPU.ActiveCfg = Debug|Any CPU
		{2F8FF6B1-6032-4519-84C8-AA91BBAC25C0}.Debug|Any CPU.Build.0 = Debug|Any CPU
		{2F8FF6B1-6032-4519-84C8-AA91BBAC25C0}.Release|Any CPU.ActiveCfg = Release|Any CPU
		{2F8FF6B1-6032-4519-84C8-AA91BBAC25C0}.Release|Any CPU.Build.0 = Release|Any CPU
		{082F6F42-4313-444F-B0A5-E0F70AF15884}.Debug|Any CPU.ActiveCfg = Debug|Any CPU
		{082F6F42-4313-444F-B0A5-E0F70AF15884}.Debug|Any CPU.Build.0 = Debug|Any CPU
		{082F6F42-4313-444F-B0A5-E0F70AF15884}.Release|Any CPU.ActiveCfg = Release|Any CPU
		{082F6F42-4313-444F-B0A5-E0F70AF15884}.Release|Any CPU.Build.0 = Release|Any CPU
		{57A92918-53F2-436E-8B32-F1E47DA9384F}.Debug|Any CPU.ActiveCfg = Debug|Any CPU
		{57A92918-53F2-436E-8B32-F1E47DA9384F}.Debug|Any CPU.Build.0 = Debug|Any CPU
		{57A92918-53F2-436E-8B32-F1E47DA9384F}.Release|Any CPU.ActiveCfg = Release|Any CPU
		{57A92918-53F2-436E-8B32-F1E47DA9384F}.Release|Any CPU.Build.0 = Release|Any CPU
		{ACBA3D33-8A2C-45A1-A82F-8F303DF6C9B8}.Debug|Any CPU.ActiveCfg = Debug|Any CPU
		{ACBA3D33-8A2C-45A1-A82F-8F303DF6C9B8}.Debug|Any CPU.Build.0 = Debug|Any CPU
		{ACBA3D33-8A2C-45A1-A82F-8F303DF6C9B8}.Release|Any CPU.ActiveCfg = Release|Any CPU
		{ACBA3D33-8A2C-45A1-A82F-8F303DF6C9B8}.Release|Any CPU.Build.0 = Release|Any CPU
		{08E19818-7267-4551-BCAD-5CE72E513571}.Debug|Any CPU.ActiveCfg = Debug|Any CPU
		{08E19818-7267-4551-BCAD-5CE72E513571}.Debug|Any CPU.Build.0 = Debug|Any CPU
		{08E19818-7267-4551-BCAD-5CE72E513571}.Release|Any CPU.ActiveCfg = Release|Any CPU
		{08E19818-7267-4551-BCAD-5CE72E513571}.Release|Any CPU.Build.0 = Release|Any CPU
		{E47ED202-7022-408C-AB3E-360791621418}.Debug|Any CPU.ActiveCfg = Debug|Any CPU
		{E47ED202-7022-408C-AB3E-360791621418}.Debug|Any CPU.Build.0 = Debug|Any CPU
		{E47ED202-7022-408C-AB3E-360791621418}.Release|Any CPU.ActiveCfg = Release|Any CPU
		{E47ED202-7022-408C-AB3E-360791621418}.Release|Any CPU.Build.0 = Release|Any CPU
	EndGlobalSection
	GlobalSection(SolutionProperties) = preSolution
		HideSolutionNode = FALSE
	EndGlobalSection
	GlobalSection(NestedProjects) = preSolution
		{57A92918-53F2-436E-8B32-F1E47DA9384F} = {EB733FB9-5CAB-4392-8D2B-9D9946EA6DE2}
		{ACBA3D33-8A2C-45A1-A82F-8F303DF6C9B8} = {EB733FB9-5CAB-4392-8D2B-9D9946EA6DE2}
		{EB733FB9-5CAB-4392-8D2B-9D9946EA6DE2} = {363DE33D-A46C-48A4-A97C-F7CA306067C9}
		{7794A430-5A21-4321-8E75-862EFB943217} = {363DE33D-A46C-48A4-A97C-F7CA306067C9}
		{08E19818-7267-4551-BCAD-5CE72E513571} = {7794A430-5A21-4321-8E75-862EFB943217}
	EndGlobalSection
	GlobalSection(ExtensibilityGlobals) = postSolution
		SolutionGuid = {DDCC6CBA-69C2-4E06-8FF1-2E81460FE0B0}
	EndGlobalSection
EndGlobal
