
Microsoft Visual Studio Solution File, Format Version 12.00
# Visual Studio Version 17
VisualStudioVersion = 17.1.32210.238
MinimumVisualStudioVersion = 10.0.40219.1
Project("{FAE04EC0-301F-11D3-BF4B-00C04F79EFBC}") = "Biblioteca", "Calculadora\Biblioteca.csproj", "{00A59E6C-18D9-43F3-9BF1-C57B59AB06B9}"
EndProject
Project("{FAE04EC0-301F-11D3-BF4B-00C04F79EFBC}") = "Pruebas", "Pruebas\Pruebas.csproj", "{8CC0C409-0867-4B6C-B504-53F31CC39BAA}"
EndProject
Global
	GlobalSection(SolutionConfigurationPlatforms) = preSolution
		Debug|Any CPU = Debug|Any CPU
		Release|Any CPU = Release|Any CPU
	EndGlobalSection
	GlobalSection(ProjectConfigurationPlatforms) = postSolution
		{00A59E6C-18D9-43F3-9BF1-C57B59AB06B9}.Debug|Any CPU.ActiveCfg = Debug|Any CPU
		{00A59E6C-18D9-43F3-9BF1-C57B59AB06B9}.Debug|Any CPU.Build.0 = Debug|Any CPU
		{00A59E6C-18D9-43F3-9BF1-C57B59AB06B9}.Release|Any CPU.ActiveCfg = Release|Any CPU
		{00A59E6C-18D9-43F3-9BF1-C57B59AB06B9}.Release|Any CPU.Build.0 = Release|Any CPU
		{8CC0C409-0867-4B6C-B504-53F31CC39BAA}.Debug|Any CPU.ActiveCfg = Debug|Any CPU
		{8CC0C409-0867-4B6C-B504-53F31CC39BAA}.Debug|Any CPU.Build.0 = Debug|Any CPU
		{8CC0C409-0867-4B6C-B504-53F31CC39BAA}.Release|Any CPU.ActiveCfg = Release|Any CPU
		{8CC0C409-0867-4B6C-B504-53F31CC39BAA}.Release|Any CPU.Build.0 = Release|Any CPU
	EndGlobalSection
	GlobalSection(SolutionProperties) = preSolution
		HideSolutionNode = FALSE
	EndGlobalSection
	GlobalSection(ExtensibilityGlobals) = postSolution
		SolutionGuid = {6F7F346D-5FD8-4329-86E6-351A7EC80E0A}
	EndGlobalSection
EndGlobal
