
Microsoft Visual Studio Solution File, Format Version 12.00
# Visual Studio Version 17
VisualStudioVersion = 17.1.32210.238
MinimumVisualStudioVersion = 10.0.40219.1
Project("{9A19103F-16F7-4668-BE54-9A1E7A4F7556}") = "Clase_09", "Clase_09\Clase_09.csproj", "{8C4A2FE7-2890-4307-895C-197E181CB93A}"
EndProject
Project("{FAE04EC0-301F-11D3-BF4B-00C04F79EFBC}") = "Test_Ejericicio_I01", "Test_Ejericicio_I01\Test_Ejericicio_I01.csproj", "{DEEEA907-069B-473C-9C0D-ADE51255075D}"
EndProject
Project("{2150E333-8FDC-42A3-9474-1A3956D46DE8}") = "Ejercicios", "Ejercicios", "{31DA2843-31E2-4FAD-9B25-33B971E0CA93}"
EndProject
Global
	GlobalSection(SolutionConfigurationPlatforms) = preSolution
		Debug|Any CPU = Debug|Any CPU
		Release|Any CPU = Release|Any CPU
	EndGlobalSection
	GlobalSection(ProjectConfigurationPlatforms) = postSolution
		{8C4A2FE7-2890-4307-895C-197E181CB93A}.Debug|Any CPU.ActiveCfg = Debug|Any CPU
		{8C4A2FE7-2890-4307-895C-197E181CB93A}.Debug|Any CPU.Build.0 = Debug|Any CPU
		{8C4A2FE7-2890-4307-895C-197E181CB93A}.Release|Any CPU.ActiveCfg = Release|Any CPU
		{8C4A2FE7-2890-4307-895C-197E181CB93A}.Release|Any CPU.Build.0 = Release|Any CPU
		{DEEEA907-069B-473C-9C0D-ADE51255075D}.Debug|Any CPU.ActiveCfg = Debug|Any CPU
		{DEEEA907-069B-473C-9C0D-ADE51255075D}.Debug|Any CPU.Build.0 = Debug|Any CPU
		{DEEEA907-069B-473C-9C0D-ADE51255075D}.Release|Any CPU.ActiveCfg = Release|Any CPU
		{DEEEA907-069B-473C-9C0D-ADE51255075D}.Release|Any CPU.Build.0 = Release|Any CPU
	EndGlobalSection
	GlobalSection(SolutionProperties) = preSolution
		HideSolutionNode = FALSE
	EndGlobalSection
	GlobalSection(NestedProjects) = preSolution
		{DEEEA907-069B-473C-9C0D-ADE51255075D} = {31DA2843-31E2-4FAD-9B25-33B971E0CA93}
	EndGlobalSection
	GlobalSection(ExtensibilityGlobals) = postSolution
		SolutionGuid = {354C5CA1-DAAA-45FB-8DCC-F352CFB431F0}
	EndGlobalSection
EndGlobal
