
Microsoft Visual Studio Solution File, Format Version 12.00
# Visual Studio Version 17
VisualStudioVersion = 17.1.32210.238
MinimumVisualStudioVersion = 10.0.40219.1
Project("{9A19103F-16F7-4668-BE54-9A1E7A4F7556}") = "Consola", "Consola\Consola.csproj", "{853A3E4B-F665-4975-A609-920D04170D53}"
EndProject
Project("{2150E333-8FDC-42A3-9474-1A3956D46DE8}") = "Ejercicios", "Ejercicios", "{AB95F03A-CE69-44B6-A33E-B557030CF339}"
EndProject
Project("{9A19103F-16F7-4668-BE54-9A1E7A4F7556}") = "Ejercicio_I01", "Ejercicio_I01\Ejercicio_I01.csproj", "{936521AD-44EB-4F46-B86C-57624CDB6C19}"
EndProject
Project("{9A19103F-16F7-4668-BE54-9A1E7A4F7556}") = "Ejercicio_C03_Centralita", "Ejercicio_C03\Ejercicio_C03_Centralita.csproj", "{60257286-73F3-43B6-A9FC-E9F1683090BE}"
EndProject
Project("{9A19103F-16F7-4668-BE54-9A1E7A4F7556}") = "Test", "Test\Test.csproj", "{C2210903-0B79-4420-AC07-AA677D70A457}"
EndProject
Project("{9A19103F-16F7-4668-BE54-9A1E7A4F7556}") = "Ejercicio_C01", "Ejercicio_C01\Ejercicio_C01.csproj", "{11F058D5-48AD-48E8-96BA-22D6C313BD9F}"
EndProject
Project("{FAE04EC0-301F-11D3-BF4B-00C04F79EFBC}") = "Ejercicio_C02", "Ejercicio_C02\Ejercicio_C02.csproj", "{9DAB9832-9BAC-4044-A57D-72576A3C7918}"
EndProject
Global
	GlobalSection(SolutionConfigurationPlatforms) = preSolution
		Debug|Any CPU = Debug|Any CPU
		Release|Any CPU = Release|Any CPU
	EndGlobalSection
	GlobalSection(ProjectConfigurationPlatforms) = postSolution
		{853A3E4B-F665-4975-A609-920D04170D53}.Debug|Any CPU.ActiveCfg = Debug|Any CPU
		{853A3E4B-F665-4975-A609-920D04170D53}.Debug|Any CPU.Build.0 = Debug|Any CPU
		{853A3E4B-F665-4975-A609-920D04170D53}.Release|Any CPU.ActiveCfg = Release|Any CPU
		{853A3E4B-F665-4975-A609-920D04170D53}.Release|Any CPU.Build.0 = Release|Any CPU
		{936521AD-44EB-4F46-B86C-57624CDB6C19}.Debug|Any CPU.ActiveCfg = Debug|Any CPU
		{936521AD-44EB-4F46-B86C-57624CDB6C19}.Debug|Any CPU.Build.0 = Debug|Any CPU
		{936521AD-44EB-4F46-B86C-57624CDB6C19}.Release|Any CPU.ActiveCfg = Release|Any CPU
		{936521AD-44EB-4F46-B86C-57624CDB6C19}.Release|Any CPU.Build.0 = Release|Any CPU
		{60257286-73F3-43B6-A9FC-E9F1683090BE}.Debug|Any CPU.ActiveCfg = Debug|Any CPU
		{60257286-73F3-43B6-A9FC-E9F1683090BE}.Debug|Any CPU.Build.0 = Debug|Any CPU
		{60257286-73F3-43B6-A9FC-E9F1683090BE}.Release|Any CPU.ActiveCfg = Release|Any CPU
		{60257286-73F3-43B6-A9FC-E9F1683090BE}.Release|Any CPU.Build.0 = Release|Any CPU
		{C2210903-0B79-4420-AC07-AA677D70A457}.Debug|Any CPU.ActiveCfg = Debug|Any CPU
		{C2210903-0B79-4420-AC07-AA677D70A457}.Debug|Any CPU.Build.0 = Debug|Any CPU
		{C2210903-0B79-4420-AC07-AA677D70A457}.Release|Any CPU.ActiveCfg = Release|Any CPU
		{C2210903-0B79-4420-AC07-AA677D70A457}.Release|Any CPU.Build.0 = Release|Any CPU
		{11F058D5-48AD-48E8-96BA-22D6C313BD9F}.Debug|Any CPU.ActiveCfg = Debug|Any CPU
		{11F058D5-48AD-48E8-96BA-22D6C313BD9F}.Debug|Any CPU.Build.0 = Debug|Any CPU
		{11F058D5-48AD-48E8-96BA-22D6C313BD9F}.Release|Any CPU.ActiveCfg = Release|Any CPU
		{11F058D5-48AD-48E8-96BA-22D6C313BD9F}.Release|Any CPU.Build.0 = Release|Any CPU
		{9DAB9832-9BAC-4044-A57D-72576A3C7918}.Debug|Any CPU.ActiveCfg = Debug|Any CPU
		{9DAB9832-9BAC-4044-A57D-72576A3C7918}.Debug|Any CPU.Build.0 = Debug|Any CPU
		{9DAB9832-9BAC-4044-A57D-72576A3C7918}.Release|Any CPU.ActiveCfg = Release|Any CPU
		{9DAB9832-9BAC-4044-A57D-72576A3C7918}.Release|Any CPU.Build.0 = Release|Any CPU
	EndGlobalSection
	GlobalSection(SolutionProperties) = preSolution
		HideSolutionNode = FALSE
	EndGlobalSection
	GlobalSection(NestedProjects) = preSolution
		{936521AD-44EB-4F46-B86C-57624CDB6C19} = {AB95F03A-CE69-44B6-A33E-B557030CF339}
		{60257286-73F3-43B6-A9FC-E9F1683090BE} = {AB95F03A-CE69-44B6-A33E-B557030CF339}
		{C2210903-0B79-4420-AC07-AA677D70A457} = {AB95F03A-CE69-44B6-A33E-B557030CF339}
		{11F058D5-48AD-48E8-96BA-22D6C313BD9F} = {AB95F03A-CE69-44B6-A33E-B557030CF339}
	EndGlobalSection
	GlobalSection(ExtensibilityGlobals) = postSolution
		SolutionGuid = {0E708DC6-1A29-4BF4-83D1-4C5FAF4B5113}
	EndGlobalSection
EndGlobal
