
Microsoft Visual Studio Solution File, Format Version 12.00
# Visual Studio Version 17
VisualStudioVersion = 17.1.32210.238
MinimumVisualStudioVersion = 10.0.40219.1
Project("{9A19103F-16F7-4668-BE54-9A1E7A4F7556}") = "Aplicacion_01", "Aplicacion_01\Aplicacion_01.csproj", "{F02CF25F-0860-4BF7-B861-A8351FE33860}"
EndProject
Project("{9A19103F-16F7-4668-BE54-9A1E7A4F7556}") = "Aplicacion_02", "Aplicacion_02\Aplicacion_02.csproj", "{7AE7E30C-CA29-40E0-BA24-3AE2652E8082}"
EndProject
Project("{9A19103F-16F7-4668-BE54-9A1E7A4F7556}") = "Aplicacion_03", "Aplicacion_03\Aplicacion_03.csproj", "{8DD15572-AA6B-4DE8-A16A-A1B045E4A08B}"
EndProject
Project("{9A19103F-16F7-4668-BE54-9A1E7A4F7556}") = "Arrays", "Arrays\Arrays.csproj", "{58B145D2-DCC2-44C8-8FA0-1D6E0B7AA438}"
EndProject
Project("{2150E333-8FDC-42A3-9474-1A3956D46DE8}") = "Ejercicios", "Ejercicios", "{896A0137-E869-421C-B34B-585E7EE96D47}"
EndProject
Project("{FAE04EC0-301F-11D3-BF4B-00C04F79EFBC}") = "Ejercicio_1", "Ejercicio_1\Ejercicio_1.csproj", "{1CD0BF85-AA37-4055-8CE9-C3ABEE740544}"
EndProject
Project("{FAE04EC0-301F-11D3-BF4B-00C04F79EFBC}") = "Ejercicio_2", "Ejercicio_2\Ejercicio_2.csproj", "{0BC98AB9-7ADB-4EED-9030-6CC1A7267254}"
EndProject
Project("{FAE04EC0-301F-11D3-BF4B-00C04F79EFBC}") = "Ejercicio_3", "Ejercicio_3\Ejercicio_3.csproj", "{1707E921-395F-4CE0-A3A6-228A17DD946D}"
EndProject
Project("{FAE04EC0-301F-11D3-BF4B-00C04F79EFBC}") = "Ejercicio_4", "Ejercicio_4\Ejercicio_4.csproj", "{F2184DC3-771E-4F91-AE96-F64B5BB3125F}"
EndProject
Project("{FAE04EC0-301F-11D3-BF4B-00C04F79EFBC}") = "Ejercicio_5", "Ejercicio_5\Ejercicio_5.csproj", "{E6DABBBC-B94B-4098-B0B7-687B9BB4C0BE}"
EndProject
Project("{FAE04EC0-301F-11D3-BF4B-00C04F79EFBC}") = "Ejercicio_8", "Ejercicio_8\Ejercicio_8.csproj", "{3EC74928-9393-4873-B8A4-0930BF935466}"
EndProject
Global
	GlobalSection(SolutionConfigurationPlatforms) = preSolution
		Debug|Any CPU = Debug|Any CPU
		Release|Any CPU = Release|Any CPU
	EndGlobalSection
	GlobalSection(ProjectConfigurationPlatforms) = postSolution
		{F02CF25F-0860-4BF7-B861-A8351FE33860}.Debug|Any CPU.ActiveCfg = Debug|Any CPU
		{F02CF25F-0860-4BF7-B861-A8351FE33860}.Debug|Any CPU.Build.0 = Debug|Any CPU
		{F02CF25F-0860-4BF7-B861-A8351FE33860}.Release|Any CPU.ActiveCfg = Release|Any CPU
		{F02CF25F-0860-4BF7-B861-A8351FE33860}.Release|Any CPU.Build.0 = Release|Any CPU
		{7AE7E30C-CA29-40E0-BA24-3AE2652E8082}.Debug|Any CPU.ActiveCfg = Debug|Any CPU
		{7AE7E30C-CA29-40E0-BA24-3AE2652E8082}.Debug|Any CPU.Build.0 = Debug|Any CPU
		{7AE7E30C-CA29-40E0-BA24-3AE2652E8082}.Release|Any CPU.ActiveCfg = Release|Any CPU
		{7AE7E30C-CA29-40E0-BA24-3AE2652E8082}.Release|Any CPU.Build.0 = Release|Any CPU
		{8DD15572-AA6B-4DE8-A16A-A1B045E4A08B}.Debug|Any CPU.ActiveCfg = Debug|Any CPU
		{8DD15572-AA6B-4DE8-A16A-A1B045E4A08B}.Debug|Any CPU.Build.0 = Debug|Any CPU
		{8DD15572-AA6B-4DE8-A16A-A1B045E4A08B}.Release|Any CPU.ActiveCfg = Release|Any CPU
		{8DD15572-AA6B-4DE8-A16A-A1B045E4A08B}.Release|Any CPU.Build.0 = Release|Any CPU
		{58B145D2-DCC2-44C8-8FA0-1D6E0B7AA438}.Debug|Any CPU.ActiveCfg = Debug|Any CPU
		{58B145D2-DCC2-44C8-8FA0-1D6E0B7AA438}.Debug|Any CPU.Build.0 = Debug|Any CPU
		{58B145D2-DCC2-44C8-8FA0-1D6E0B7AA438}.Release|Any CPU.ActiveCfg = Release|Any CPU
		{58B145D2-DCC2-44C8-8FA0-1D6E0B7AA438}.Release|Any CPU.Build.0 = Release|Any CPU
		{1CD0BF85-AA37-4055-8CE9-C3ABEE740544}.Debug|Any CPU.ActiveCfg = Debug|Any CPU
		{1CD0BF85-AA37-4055-8CE9-C3ABEE740544}.Debug|Any CPU.Build.0 = Debug|Any CPU
		{1CD0BF85-AA37-4055-8CE9-C3ABEE740544}.Release|Any CPU.ActiveCfg = Release|Any CPU
		{1CD0BF85-AA37-4055-8CE9-C3ABEE740544}.Release|Any CPU.Build.0 = Release|Any CPU
		{0BC98AB9-7ADB-4EED-9030-6CC1A7267254}.Debug|Any CPU.ActiveCfg = Debug|Any CPU
		{0BC98AB9-7ADB-4EED-9030-6CC1A7267254}.Debug|Any CPU.Build.0 = Debug|Any CPU
		{0BC98AB9-7ADB-4EED-9030-6CC1A7267254}.Release|Any CPU.ActiveCfg = Release|Any CPU
		{0BC98AB9-7ADB-4EED-9030-6CC1A7267254}.Release|Any CPU.Build.0 = Release|Any CPU
		{1707E921-395F-4CE0-A3A6-228A17DD946D}.Debug|Any CPU.ActiveCfg = Debug|Any CPU
		{1707E921-395F-4CE0-A3A6-228A17DD946D}.Debug|Any CPU.Build.0 = Debug|Any CPU
		{1707E921-395F-4CE0-A3A6-228A17DD946D}.Release|Any CPU.ActiveCfg = Release|Any CPU
		{1707E921-395F-4CE0-A3A6-228A17DD946D}.Release|Any CPU.Build.0 = Release|Any CPU
		{F2184DC3-771E-4F91-AE96-F64B5BB3125F}.Debug|Any CPU.ActiveCfg = Debug|Any CPU
		{F2184DC3-771E-4F91-AE96-F64B5BB3125F}.Debug|Any CPU.Build.0 = Debug|Any CPU
		{F2184DC3-771E-4F91-AE96-F64B5BB3125F}.Release|Any CPU.ActiveCfg = Release|Any CPU
		{F2184DC3-771E-4F91-AE96-F64B5BB3125F}.Release|Any CPU.Build.0 = Release|Any CPU
		{E6DABBBC-B94B-4098-B0B7-687B9BB4C0BE}.Debug|Any CPU.ActiveCfg = Debug|Any CPU
		{E6DABBBC-B94B-4098-B0B7-687B9BB4C0BE}.Debug|Any CPU.Build.0 = Debug|Any CPU
		{E6DABBBC-B94B-4098-B0B7-687B9BB4C0BE}.Release|Any CPU.ActiveCfg = Release|Any CPU
		{E6DABBBC-B94B-4098-B0B7-687B9BB4C0BE}.Release|Any CPU.Build.0 = Release|Any CPU
		{3EC74928-9393-4873-B8A4-0930BF935466}.Debug|Any CPU.ActiveCfg = Debug|Any CPU
		{3EC74928-9393-4873-B8A4-0930BF935466}.Debug|Any CPU.Build.0 = Debug|Any CPU
		{3EC74928-9393-4873-B8A4-0930BF935466}.Release|Any CPU.ActiveCfg = Release|Any CPU
		{3EC74928-9393-4873-B8A4-0930BF935466}.Release|Any CPU.Build.0 = Release|Any CPU
	EndGlobalSection
	GlobalSection(SolutionProperties) = preSolution
		HideSolutionNode = FALSE
	EndGlobalSection
	GlobalSection(NestedProjects) = preSolution
		{1CD0BF85-AA37-4055-8CE9-C3ABEE740544} = {896A0137-E869-421C-B34B-585E7EE96D47}
		{0BC98AB9-7ADB-4EED-9030-6CC1A7267254} = {896A0137-E869-421C-B34B-585E7EE96D47}
		{1707E921-395F-4CE0-A3A6-228A17DD946D} = {896A0137-E869-421C-B34B-585E7EE96D47}
		{F2184DC3-771E-4F91-AE96-F64B5BB3125F} = {896A0137-E869-421C-B34B-585E7EE96D47}
		{E6DABBBC-B94B-4098-B0B7-687B9BB4C0BE} = {896A0137-E869-421C-B34B-585E7EE96D47}
		{3EC74928-9393-4873-B8A4-0930BF935466} = {896A0137-E869-421C-B34B-585E7EE96D47}
	EndGlobalSection
	GlobalSection(ExtensibilityGlobals) = postSolution
		SolutionGuid = {814EC53D-0651-4733-9DE8-56D639E4DE85}
	EndGlobalSection
EndGlobal
