
Microsoft Visual Studio Solution File, Format Version 12.00
# Visual Studio Version 17
VisualStudioVersion = 17.1.32210.238
MinimumVisualStudioVersion = 10.0.40219.1
Project("{FAE04EC0-301F-11D3-BF4B-00C04F79EFBC}") = "LibroDeTrabajo_08", "LibroDeTrabajo8\LibroDeTrabajo_08.csproj", "{F699BE61-2519-41A1-A0E7-275F64719FFD}"
EndProject
Global
	GlobalSection(SolutionConfigurationPlatforms) = preSolution
		Debug|Any CPU = Debug|Any CPU
		Release|Any CPU = Release|Any CPU
	EndGlobalSection
	GlobalSection(ProjectConfigurationPlatforms) = postSolution
		{F699BE61-2519-41A1-A0E7-275F64719FFD}.Debug|Any CPU.ActiveCfg = Debug|Any CPU
		{F699BE61-2519-41A1-A0E7-275F64719FFD}.Debug|Any CPU.Build.0 = Debug|Any CPU
		{F699BE61-2519-41A1-A0E7-275F64719FFD}.Release|Any CPU.ActiveCfg = Release|Any CPU
		{F699BE61-2519-41A1-A0E7-275F64719FFD}.Release|Any CPU.Build.0 = Release|Any CPU
	EndGlobalSection
	GlobalSection(SolutionProperties) = preSolution
		HideSolutionNode = FALSE
	EndGlobalSection
	GlobalSection(ExtensibilityGlobals) = postSolution
		SolutionGuid = {8EFA1859-D97C-412D-99AF-523DA5AED48A}
	EndGlobalSection
EndGlobal
