
Microsoft Visual Studio Solution File, Format Version 12.00
# Visual Studio Version 17
VisualStudioVersion = 17.1.32210.238
MinimumVisualStudioVersion = 10.0.40219.1
Project("{FAE04EC0-301F-11D3-BF4B-00C04F79EFBC}") = "Biblioteca", "Biblioteca\Biblioteca.csproj", "{23D9A506-003D-4789-9639-D2AEC6E4AD40}"
EndProject
Project("{FAE04EC0-301F-11D3-BF4B-00C04F79EFBC}") = "Pruebas", "Pruebas\Pruebas.csproj", "{1CB5F2AC-0989-4146-955C-1035572D2319}"
EndProject
Global
	GlobalSection(SolutionConfigurationPlatforms) = preSolution
		Debug|Any CPU = Debug|Any CPU
		Release|Any CPU = Release|Any CPU
	EndGlobalSection
	GlobalSection(ProjectConfigurationPlatforms) = postSolution
		{23D9A506-003D-4789-9639-D2AEC6E4AD40}.Debug|Any CPU.ActiveCfg = Debug|Any CPU
		{23D9A506-003D-4789-9639-D2AEC6E4AD40}.Debug|Any CPU.Build.0 = Debug|Any CPU
		{23D9A506-003D-4789-9639-D2AEC6E4AD40}.Release|Any CPU.ActiveCfg = Release|Any CPU
		{23D9A506-003D-4789-9639-D2AEC6E4AD40}.Release|Any CPU.Build.0 = Release|Any CPU
		{1CB5F2AC-0989-4146-955C-1035572D2319}.Debug|Any CPU.ActiveCfg = Debug|Any CPU
		{1CB5F2AC-0989-4146-955C-1035572D2319}.Debug|Any CPU.Build.0 = Debug|Any CPU
		{1CB5F2AC-0989-4146-955C-1035572D2319}.Release|Any CPU.ActiveCfg = Release|Any CPU
		{1CB5F2AC-0989-4146-955C-1035572D2319}.Release|Any CPU.Build.0 = Release|Any CPU
	EndGlobalSection
	GlobalSection(SolutionProperties) = preSolution
		HideSolutionNode = FALSE
	EndGlobalSection
	GlobalSection(ExtensibilityGlobals) = postSolution
		SolutionGuid = {899172BD-7A35-41F7-8279-A8817CA389BD}
	EndGlobalSection
EndGlobal
