
Microsoft Visual Studio Solution File, Format Version 12.00
# Visual Studio Version 17
VisualStudioVersion = 17.1.32210.238
MinimumVisualStudioVersion = 10.0.40219.1
Project("{9A19103F-16F7-4668-BE54-9A1E7A4F7556}") = "Clase_06", "Clase_06\Clase_06.csproj", "{08BD0547-A506-426D-9989-993F36F341A5}"
EndProject
Project("{9A19103F-16F7-4668-BE54-9A1E7A4F7556}") = "Ejercicio_1", "Ejercicio_1\Ejercicio_1.csproj", "{49717DEF-9486-4E05-9335-6219761A0E1D}"
EndProject
Project("{2150E333-8FDC-42A3-9474-1A3956D46DE8}") = "Ejercicios", "Ejercicios", "{24C4A089-E927-48A3-9F82-8AEA9095E06F}"
EndProject
Project("{9A19103F-16F7-4668-BE54-9A1E7A4F7556}") = "Ejercicio_2", "Ejercicio_2\Ejercicio_2.csproj", "{532A2EB3-8B0C-4E35-85FD-16BB4A0AD21D}"
EndProject
Project("{9A19103F-16F7-4668-BE54-9A1E7A4F7556}") = "A_contar_palabras!__Ejercicio_3", "A_contar_palabras!__Ejercicio_3\A_contar_palabras!__Ejercicio_3.csproj", "{13E954C7-E1E6-405B-8595-5F73AABBA617}"
EndProject
Project("{9A19103F-16F7-4668-BE54-9A1E7A4F7556}") = "Ejercicio_3BIS", "Ejercicio_3BIS\Ejercicio_3BIS.csproj", "{084D6F3C-7399-4FB4-B4C5-FFA94A265EA0}"
EndProject
Project("{9A19103F-16F7-4668-BE54-9A1E7A4F7556}") = "Biblioteca_Ejercicio4", "Biblioteca_Ejercicio4\Biblioteca_Ejercicio4.csproj", "{9F0D1F27-648A-424D-AD7B-B708F10359BF}"
EndProject
Project("{FAE04EC0-301F-11D3-BF4B-00C04F79EFBC}") = "Ejercicio_5_C02", "Ejercicio_5_C02\Ejercicio_5_C02.csproj", "{0C041661-1135-45F8-884C-A75148BEB068}"
EndProject
Global
	GlobalSection(SolutionConfigurationPlatforms) = preSolution
		Debug|Any CPU = Debug|Any CPU
		Release|Any CPU = Release|Any CPU
	EndGlobalSection
	GlobalSection(ProjectConfigurationPlatforms) = postSolution
		{08BD0547-A506-426D-9989-993F36F341A5}.Debug|Any CPU.ActiveCfg = Debug|Any CPU
		{08BD0547-A506-426D-9989-993F36F341A5}.Debug|Any CPU.Build.0 = Debug|Any CPU
		{08BD0547-A506-426D-9989-993F36F341A5}.Release|Any CPU.ActiveCfg = Release|Any CPU
		{08BD0547-A506-426D-9989-993F36F341A5}.Release|Any CPU.Build.0 = Release|Any CPU
		{49717DEF-9486-4E05-9335-6219761A0E1D}.Debug|Any CPU.ActiveCfg = Debug|Any CPU
		{49717DEF-9486-4E05-9335-6219761A0E1D}.Debug|Any CPU.Build.0 = Debug|Any CPU
		{49717DEF-9486-4E05-9335-6219761A0E1D}.Release|Any CPU.ActiveCfg = Release|Any CPU
		{49717DEF-9486-4E05-9335-6219761A0E1D}.Release|Any CPU.Build.0 = Release|Any CPU
		{532A2EB3-8B0C-4E35-85FD-16BB4A0AD21D}.Debug|Any CPU.ActiveCfg = Debug|Any CPU
		{532A2EB3-8B0C-4E35-85FD-16BB4A0AD21D}.Debug|Any CPU.Build.0 = Debug|Any CPU
		{532A2EB3-8B0C-4E35-85FD-16BB4A0AD21D}.Release|Any CPU.ActiveCfg = Release|Any CPU
		{532A2EB3-8B0C-4E35-85FD-16BB4A0AD21D}.Release|Any CPU.Build.0 = Release|Any CPU
		{13E954C7-E1E6-405B-8595-5F73AABBA617}.Debug|Any CPU.ActiveCfg = Debug|Any CPU
		{13E954C7-E1E6-405B-8595-5F73AABBA617}.Debug|Any CPU.Build.0 = Debug|Any CPU
		{13E954C7-E1E6-405B-8595-5F73AABBA617}.Release|Any CPU.ActiveCfg = Release|Any CPU
		{13E954C7-E1E6-405B-8595-5F73AABBA617}.Release|Any CPU.Build.0 = Release|Any CPU
		{084D6F3C-7399-4FB4-B4C5-FFA94A265EA0}.Debug|Any CPU.ActiveCfg = Debug|Any CPU
		{084D6F3C-7399-4FB4-B4C5-FFA94A265EA0}.Debug|Any CPU.Build.0 = Debug|Any CPU
		{084D6F3C-7399-4FB4-B4C5-FFA94A265EA0}.Release|Any CPU.ActiveCfg = Release|Any CPU
		{084D6F3C-7399-4FB4-B4C5-FFA94A265EA0}.Release|Any CPU.Build.0 = Release|Any CPU
		{9F0D1F27-648A-424D-AD7B-B708F10359BF}.Debug|Any CPU.ActiveCfg = Debug|Any CPU
		{9F0D1F27-648A-424D-AD7B-B708F10359BF}.Debug|Any CPU.Build.0 = Debug|Any CPU
		{9F0D1F27-648A-424D-AD7B-B708F10359BF}.Release|Any CPU.ActiveCfg = Release|Any CPU
		{9F0D1F27-648A-424D-AD7B-B708F10359BF}.Release|Any CPU.Build.0 = Release|Any CPU
		{0C041661-1135-45F8-884C-A75148BEB068}.Debug|Any CPU.ActiveCfg = Debug|Any CPU
		{0C041661-1135-45F8-884C-A75148BEB068}.Debug|Any CPU.Build.0 = Debug|Any CPU
		{0C041661-1135-45F8-884C-A75148BEB068}.Release|Any CPU.ActiveCfg = Release|Any CPU
		{0C041661-1135-45F8-884C-A75148BEB068}.Release|Any CPU.Build.0 = Release|Any CPU
	EndGlobalSection
	GlobalSection(SolutionProperties) = preSolution
		HideSolutionNode = FALSE
	EndGlobalSection
	GlobalSection(NestedProjects) = preSolution
		{49717DEF-9486-4E05-9335-6219761A0E1D} = {24C4A089-E927-48A3-9F82-8AEA9095E06F}
		{532A2EB3-8B0C-4E35-85FD-16BB4A0AD21D} = {24C4A089-E927-48A3-9F82-8AEA9095E06F}
		{13E954C7-E1E6-405B-8595-5F73AABBA617} = {24C4A089-E927-48A3-9F82-8AEA9095E06F}
		{084D6F3C-7399-4FB4-B4C5-FFA94A265EA0} = {24C4A089-E927-48A3-9F82-8AEA9095E06F}
		{9F0D1F27-648A-424D-AD7B-B708F10359BF} = {24C4A089-E927-48A3-9F82-8AEA9095E06F}
	EndGlobalSection
	GlobalSection(ExtensibilityGlobals) = postSolution
		SolutionGuid = {DBE8A307-340F-43EE-BBBB-7749F78BD90A}
	EndGlobalSection
EndGlobal
