
Microsoft Visual Studio Solution File, Format Version 12.00
# Visual Studio Version 17
VisualStudioVersion = 17.1.32210.238
MinimumVisualStudioVersion = 10.0.40219.1
Project("{9A19103F-16F7-4668-BE54-9A1E7A4F7556}") = "LibroDeTrabajo_06", "LibroDeTrabajo_06\LibroDeTrabajo_06.csproj", "{FAB34D89-866D-4A4F-9AC6-0A802C8B5E4D}"
EndProject
Project("{2150E333-8FDC-42A3-9474-1A3956D46DE8}") = "Ejercicio 2", "Ejercicio 2", "{679AFFE3-6C42-42B5-9B75-7F11B7D398C2}"
EndProject
Project("{9A19103F-16F7-4668-BE54-9A1E7A4F7556}") = "Clases", "Clases\Clases.csproj", "{E57984D1-EC78-4A0C-B125-D46745FEDBFA}"
EndProject
Project("{9A19103F-16F7-4668-BE54-9A1E7A4F7556}") = "Espectaculo", "Espectaculo\Espectaculo.csproj", "{D7058ABB-E005-47B0-982F-91E87B9F9A9A}"
EndProject
Project("{2150E333-8FDC-42A3-9474-1A3956D46DE8}") = "Ejercicio 4", "Ejercicio 4", "{952CCD7D-0660-47E4-8979-2366830FBF86}"
EndProject
Project("{9A19103F-16F7-4668-BE54-9A1E7A4F7556}") = "Biblioteca_Cine", "Biblioteca_Cine\Biblioteca_Cine.csproj", "{EB7EA161-FE46-4AF7-A5C8-6743F3A619C0}"
EndProject
Project("{2150E333-8FDC-42A3-9474-1A3956D46DE8}") = "Ejercicio 6", "Ejercicio 6", "{2B316C09-2E90-476A-9CA2-144F090F78DE}"
EndProject
Project("{FAE04EC0-301F-11D3-BF4B-00C04F79EFBC}") = "Clinica", "Clinica\Clinica.csproj", "{D602150C-3C69-4D1F-8DC3-D96991FA1EB8}"
EndProject
Project("{2150E333-8FDC-42A3-9474-1A3956D46DE8}") = "Ejercicio 5", "Ejercicio 5", "{C7FFA253-AE36-4474-B879-D197C62E1C99}"
EndProject
Global
	GlobalSection(SolutionConfigurationPlatforms) = preSolution
		Debug|Any CPU = Debug|Any CPU
		Release|Any CPU = Release|Any CPU
	EndGlobalSection
	GlobalSection(ProjectConfigurationPlatforms) = postSolution
		{FAB34D89-866D-4A4F-9AC6-0A802C8B5E4D}.Debug|Any CPU.ActiveCfg = Debug|Any CPU
		{FAB34D89-866D-4A4F-9AC6-0A802C8B5E4D}.Debug|Any CPU.Build.0 = Debug|Any CPU
		{FAB34D89-866D-4A4F-9AC6-0A802C8B5E4D}.Release|Any CPU.ActiveCfg = Release|Any CPU
		{FAB34D89-866D-4A4F-9AC6-0A802C8B5E4D}.Release|Any CPU.Build.0 = Release|Any CPU
		{E57984D1-EC78-4A0C-B125-D46745FEDBFA}.Debug|Any CPU.ActiveCfg = Debug|Any CPU
		{E57984D1-EC78-4A0C-B125-D46745FEDBFA}.Debug|Any CPU.Build.0 = Debug|Any CPU
		{E57984D1-EC78-4A0C-B125-D46745FEDBFA}.Release|Any CPU.ActiveCfg = Release|Any CPU
		{E57984D1-EC78-4A0C-B125-D46745FEDBFA}.Release|Any CPU.Build.0 = Release|Any CPU
		{D7058ABB-E005-47B0-982F-91E87B9F9A9A}.Debug|Any CPU.ActiveCfg = Debug|Any CPU
		{D7058ABB-E005-47B0-982F-91E87B9F9A9A}.Debug|Any CPU.Build.0 = Debug|Any CPU
		{D7058ABB-E005-47B0-982F-91E87B9F9A9A}.Release|Any CPU.ActiveCfg = Release|Any CPU
		{D7058ABB-E005-47B0-982F-91E87B9F9A9A}.Release|Any CPU.Build.0 = Release|Any CPU
		{EB7EA161-FE46-4AF7-A5C8-6743F3A619C0}.Debug|Any CPU.ActiveCfg = Debug|Any CPU
		{EB7EA161-FE46-4AF7-A5C8-6743F3A619C0}.Debug|Any CPU.Build.0 = Debug|Any CPU
		{EB7EA161-FE46-4AF7-A5C8-6743F3A619C0}.Release|Any CPU.ActiveCfg = Release|Any CPU
		{EB7EA161-FE46-4AF7-A5C8-6743F3A619C0}.Release|Any CPU.Build.0 = Release|Any CPU
		{D602150C-3C69-4D1F-8DC3-D96991FA1EB8}.Debug|Any CPU.ActiveCfg = Debug|Any CPU
		{D602150C-3C69-4D1F-8DC3-D96991FA1EB8}.Debug|Any CPU.Build.0 = Debug|Any CPU
		{D602150C-3C69-4D1F-8DC3-D96991FA1EB8}.Release|Any CPU.ActiveCfg = Release|Any CPU
		{D602150C-3C69-4D1F-8DC3-D96991FA1EB8}.Release|Any CPU.Build.0 = Release|Any CPU
	EndGlobalSection
	GlobalSection(SolutionProperties) = preSolution
		HideSolutionNode = FALSE
	EndGlobalSection
	GlobalSection(NestedProjects) = preSolution
		{E57984D1-EC78-4A0C-B125-D46745FEDBFA} = {679AFFE3-6C42-42B5-9B75-7F11B7D398C2}
		{D7058ABB-E005-47B0-982F-91E87B9F9A9A} = {952CCD7D-0660-47E4-8979-2366830FBF86}
		{EB7EA161-FE46-4AF7-A5C8-6743F3A619C0} = {2B316C09-2E90-476A-9CA2-144F090F78DE}
		{D602150C-3C69-4D1F-8DC3-D96991FA1EB8} = {C7FFA253-AE36-4474-B879-D197C62E1C99}
	EndGlobalSection
	GlobalSection(ExtensibilityGlobals) = postSolution
		SolutionGuid = {0F864992-C723-41BB-BDCD-CE765F922D9B}
	EndGlobalSection
EndGlobal
