
Microsoft Visual Studio Solution File, Format Version 12.00
# Visual Studio Version 17
VisualStudioVersion = 17.1.32210.238
MinimumVisualStudioVersion = 10.0.40219.1
Project("{9A19103F-16F7-4668-BE54-9A1E7A4F7556}") = "Consola", "Consola\Consola.csproj", "{8D4A7CF7-4C37-424B-9B05-C2A530EA2B01}"
EndProject
Project("{2150E333-8FDC-42A3-9474-1A3956D46DE8}") = "Ejercicios", "Ejercicios", "{BDD84A06-11D5-45F0-A480-28532D581548}"
EndProject
Project("{FAE04EC0-301F-11D3-BF4B-00C04F79EFBC}") = "Ejercicio_I03", "Ejercicio_I03\Ejercicio_I03.csproj", "{B8A8002F-35A8-43CA-9EF2-B7B25B2B3F4D}"
EndProject
Global
	GlobalSection(SolutionConfigurationPlatforms) = preSolution
		Debug|Any CPU = Debug|Any CPU
		Release|Any CPU = Release|Any CPU
	EndGlobalSection
	GlobalSection(ProjectConfigurationPlatforms) = postSolution
		{8D4A7CF7-4C37-424B-9B05-C2A530EA2B01}.Debug|Any CPU.ActiveCfg = Debug|Any CPU
		{8D4A7CF7-4C37-424B-9B05-C2A530EA2B01}.Debug|Any CPU.Build.0 = Debug|Any CPU
		{8D4A7CF7-4C37-424B-9B05-C2A530EA2B01}.Release|Any CPU.ActiveCfg = Release|Any CPU
		{8D4A7CF7-4C37-424B-9B05-C2A530EA2B01}.Release|Any CPU.Build.0 = Release|Any CPU
		{B8A8002F-35A8-43CA-9EF2-B7B25B2B3F4D}.Debug|Any CPU.ActiveCfg = Debug|Any CPU
		{B8A8002F-35A8-43CA-9EF2-B7B25B2B3F4D}.Debug|Any CPU.Build.0 = Debug|Any CPU
		{B8A8002F-35A8-43CA-9EF2-B7B25B2B3F4D}.Release|Any CPU.ActiveCfg = Release|Any CPU
		{B8A8002F-35A8-43CA-9EF2-B7B25B2B3F4D}.Release|Any CPU.Build.0 = Release|Any CPU
	EndGlobalSection
	GlobalSection(SolutionProperties) = preSolution
		HideSolutionNode = FALSE
	EndGlobalSection
	GlobalSection(NestedProjects) = preSolution
		{B8A8002F-35A8-43CA-9EF2-B7B25B2B3F4D} = {BDD84A06-11D5-45F0-A480-28532D581548}
	EndGlobalSection
	GlobalSection(ExtensibilityGlobals) = postSolution
		SolutionGuid = {7AD8D875-5BC1-4714-80E2-228ED77588BE}
	EndGlobalSection
EndGlobal
