
Microsoft Visual Studio Solution File, Format Version 12.00
# Visual Studio Version 17
VisualStudioVersion = 17.1.32210.238
MinimumVisualStudioVersion = 10.0.40219.1
Project("{9A19103F-16F7-4668-BE54-9A1E7A4F7556}") = "POO", "POO\POO.csproj", "{E23F59C1-B1E6-4694-9F3D-46D6735BDD7F}"
EndProject
Project("{FAE04EC0-301F-11D3-BF4B-00C04F79EFBC}") = "Logica", "Logica\Logica.csproj", "{3D9E1EEE-DEDC-44BC-856F-F2F4290AF6B8}"
EndProject
Global
	GlobalSection(SolutionConfigurationPlatforms) = preSolution
		Debug|Any CPU = Debug|Any CPU
		Release|Any CPU = Release|Any CPU
	EndGlobalSection
	GlobalSection(ProjectConfigurationPlatforms) = postSolution
		{E23F59C1-B1E6-4694-9F3D-46D6735BDD7F}.Debug|Any CPU.ActiveCfg = Debug|Any CPU
		{E23F59C1-B1E6-4694-9F3D-46D6735BDD7F}.Debug|Any CPU.Build.0 = Debug|Any CPU
		{E23F59C1-B1E6-4694-9F3D-46D6735BDD7F}.Release|Any CPU.ActiveCfg = Release|Any CPU
		{E23F59C1-B1E6-4694-9F3D-46D6735BDD7F}.Release|Any CPU.Build.0 = Release|Any CPU
		{3D9E1EEE-DEDC-44BC-856F-F2F4290AF6B8}.Debug|Any CPU.ActiveCfg = Debug|Any CPU
		{3D9E1EEE-DEDC-44BC-856F-F2F4290AF6B8}.Debug|Any CPU.Build.0 = Debug|Any CPU
		{3D9E1EEE-DEDC-44BC-856F-F2F4290AF6B8}.Release|Any CPU.ActiveCfg = Release|Any CPU
		{3D9E1EEE-DEDC-44BC-856F-F2F4290AF6B8}.Release|Any CPU.Build.0 = Release|Any CPU
	EndGlobalSection
	GlobalSection(SolutionProperties) = preSolution
		HideSolutionNode = FALSE
	EndGlobalSection
	GlobalSection(ExtensibilityGlobals) = postSolution
		SolutionGuid = {BBAE9609-C9A9-4A3B-A0AA-3B15D13C039F}
	EndGlobalSection
EndGlobal
